
Microsoft Visual Studio Solution File, Format Version 12.00
# Visual Studio 15
VisualStudioVersion = 15.0.26730.8
MinimumVisualStudioVersion = 10.0.40219.1
Project("{F184B08F-C81C-45F6-A57F-5ABD9991F28F}") = "guildguidescom", "guildguidescom\guildguidescom.vbproj", "{09420728-6FD4-4E84-BAD7-621A4583C119}"
EndProject
Global
	GlobalSection(SolutionConfigurationPlatforms) = preSolution
		Debug|Any CPU = Debug|Any CPU
		Release|Any CPU = Release|Any CPU
	EndGlobalSection
	GlobalSection(ProjectConfigurationPlatforms) = postSolution
		{09420728-6FD4-4E84-BAD7-621A4583C119}.Debug|Any CPU.ActiveCfg = Debug|Any CPU
		{09420728-6FD4-4E84-BAD7-621A4583C119}.Debug|Any CPU.Build.0 = Debug|Any CPU
		{09420728-6FD4-4E84-BAD7-621A4583C119}.Release|Any CPU.ActiveCfg = Release|Any CPU
		{09420728-6FD4-4E84-BAD7-621A4583C119}.Release|Any CPU.Build.0 = Release|Any CPU
	EndGlobalSection
	GlobalSection(SolutionProperties) = preSolution
		HideSolutionNode = FALSE
	EndGlobalSection
	GlobalSection(ExtensibilityGlobals) = postSolution
		SolutionGuid = {9C9B8247-C409-4A25-8EFE-7D42AF72D794}
	EndGlobalSection
EndGlobal
